<?xml version="1.0" encoding="utf-8"?>
<Project ToolsVersion="4.0" xmlns="http://schemas.microsoft.com/developer/msbuild/2003">
  <ItemGroup>
    <Filter Include="Source Files">
      <UniqueIdentifier>{4FC737F1-C7A5-4376-A066-2A32D752A2FF}</UniqueIdentifier>
      <Extensions>cpp;c;cc;cxx;def;odl;idl;hpj;bat;asm;asmx</Extensions>
    </Filter>
    <Filter Include="Header Files">
      <UniqueIdentifier>{93995380-89BD-4b04-88EB-625FBE52EBFB}</UniqueIdentifier>
      <Extensions>h;hh;hpp;hxx;hm;inl;inc;ipp;xsd</Extensions>
    </Filter>
    <Filter Include="Resource Files">
      <UniqueIdentifier>{67DA6AB6-F800-4c08-8B7A-83BB121AAD01}</UniqueIdentifier>
      <Extensions>rc;ico;cur;bmp;dlg;rc2;rct;bin;rgs;gif;jpg;jpeg;jpe;resx;tiff;tif;png;wav;mfcribbon-ms</Extensions>
    </Filter>
    <Filter Include="CUDA">
      <UniqueIdentifier>{022b2d19-5923-4024-9319-a3492d6fa291}</UniqueIdentifier>
    </Filter>
  </ItemGroup>
  <ItemGroup>
    <ClCompile Include="source\main.cpp">
      <Filter>Source Files</Filter>
    </ClCompile>
    <ClCompile Include="source\ZQcompute.cpp">
      <Filter>Source Files</Filter>
    </ClCompile>
    <ClCompile Include="source\ZQapp.cpp">
      <Filter>Source Files</Filter>
    </ClCompile>
    <ClCompile Include="source\ZQshader.cpp">
      <Filter>Source Files</Filter>
    </ClCompile>
    <ClCompile Include="source\ZQmodel.cpp">
      <Filter>Source Files</Filter>
    </ClCompile>
    <ClCompile Include="source\ZQlevel.cpp">
      <Filter>Source Files</Filter>
    </ClCompile>
    <ClCompile Include="source\ZQcamera.cpp">
      <Filter>Source Files</Filter>
    </ClCompile>
    <ClCompile Include="source\ZQhelper.cpp">
      <Filter>Source Files</Filter>
    </ClCompile>
    <ClCompile Include="source\ZQtexture.cpp">
      <Filter>Source Files</Filter>
    </ClCompile>
  </ItemGroup>
  <ItemGroup>
    <ClInclude Include="include\ZQvecs.h">
      <Filter>Header Files</Filter>
    </ClInclude>
    <ClInclude Include="include\ZQhelper.h">
      <Filter>Header Files</Filter>
    </ClInclude>
    <ClInclude Include="include\ZQcompute.h">
      <Filter>Header Files</Filter>
    </ClInclude>
    <ClInclude Include="include\ZQapp.h">
      <Filter>Header Files</Filter>
    </ClInclude>
    <ClInclude Include="include\ZQshader.h">
      <Filter>Header Files</Filter>
    </ClInclude>
    <ClInclude Include="include\ZQmodel.h">
      <Filter>Header Files</Filter>
    </ClInclude>
    <ClInclude Include="include\ZQcamera.h">
      <Filter>Header Files</Filter>
    </ClInclude>
    <ClInclude Include="include\ZQlevel.h">
      <Filter>Header Files</Filter>
    </ClInclude>
    <ClInclude Include="cuda\include\ZQrender.cuh">
      <Filter>CUDA</Filter>
    </ClInclude>
    <ClInclude Include="include\ZQtexture.h">
      <Filter>Header Files</Filter>
    </ClInclude>
    <ClInclude Include="include\ZQlighting.h">
      <Filter>Header Files</Filter>
    </ClInclude>
  </ItemGroup>
  <ItemGroup>
    <CudaCompile Include="cuda\source\ZQrender.cu">
      <Filter>CUDA</Filter>
    </CudaCompile>
  </ItemGroup>
</Project>